// !$*UTF8*$!
{
	archiveVersion = 1;
	classes = {
	};
	objectVersion = 55;
	objects = {

/* Begin PBXBuildFile section */
		353C008A261BF7008CEE7EFA /* Pods_Camming.framework in Frameworks */ = {isa = PBXBuildFile; fileRef = 6FA2EB78F990FF5A9ACAF76B /* Pods_Camming.framework */; };
		B1051CE028B1059A006205BB /* AppDelegate.swift in Sources */ = {isa = PBXBuildFile; fileRef = B1051CDF28B1059A006205BB /* AppDelegate.swift */; };
		B1051CE228B1059A006205BB /* SceneDelegate.swift in Sources */ = {isa = PBXBuildFile; fileRef = B1051CE128B1059A006205BB /* SceneDelegate.swift */; };
		B1051CE428B1059A006205BB /* TabBarController.swift in Sources */ = {isa = PBXBuildFile; fileRef = B1051CE328B1059A006205BB /* TabBarController.swift */; };
		B1051CE928B1059C006205BB /* Assets.xcassets in Resources */ = {isa = PBXBuildFile; fileRef = B1051CE828B1059C006205BB /* Assets.xcassets */; };
		B1051CEC28B1059C006205BB /* LaunchScreen.storyboard in Resources */ = {isa = PBXBuildFile; fileRef = B1051CEA28B1059C006205BB /* LaunchScreen.storyboard */; };
		B1051CF728B1059C006205BB /* CammingTests.swift in Sources */ = {isa = PBXBuildFile; fileRef = B1051CF628B1059C006205BB /* CammingTests.swift */; };
		B1051D0128B1059C006205BB /* CammingUITests.swift in Sources */ = {isa = PBXBuildFile; fileRef = B1051D0028B1059C006205BB /* CammingUITests.swift */; };
		B1051D0328B1059C006205BB /* CammingUITestsLaunchTests.swift in Sources */ = {isa = PBXBuildFile; fileRef = B1051D0228B1059C006205BB /* CammingUITestsLaunchTests.swift */; };
		B1051D1228B108C2006205BB /* SnapKit in Frameworks */ = {isa = PBXBuildFile; productRef = B1051D1128B108C2006205BB /* SnapKit */; };
		B1051D1528B10941006205BB /* TabBarItem.swift in Sources */ = {isa = PBXBuildFile; fileRef = B1051D1428B10941006205BB /* TabBarItem.swift */; };
		B1051D1728B10C14006205BB /* ChecklistViewController.swift in Sources */ = {isa = PBXBuildFile; fileRef = B1051D1628B10C14006205BB /* ChecklistViewController.swift */; };
		B13A3BE628BD37C8000AD20A /* BagsViewCell.swift in Sources */ = {isa = PBXBuildFile; fileRef = B13A3BE528BD37C8000AD20A /* BagsViewCell.swift */; };
		B13A3BE828BD37D4000AD20A /* ChecklistsInBagViewCell.swift in Sources */ = {isa = PBXBuildFile; fileRef = B13A3BE728BD37D4000AD20A /* ChecklistsInBagViewCell.swift */; };
		B145F29F28B91E0800954B6A /* SwipeCellKit in Frameworks */ = {isa = PBXBuildFile; productRef = B145F29E28B91E0800954B6A /* SwipeCellKit */; };
		B145F2A128B967C000954B6A /* SelectBagsViewController.swift in Sources */ = {isa = PBXBuildFile; fileRef = B145F2A028B967C000954B6A /* SelectBagsViewController.swift */; };
		B145F2A328B96B8800954B6A /* SelectBagsViewCell.swift in Sources */ = {isa = PBXBuildFile; fileRef = B145F2A228B96B8800954B6A /* SelectBagsViewCell.swift */; };
		B145F2A528B9CD5900954B6A /* CategorySettingViewController.swift in Sources */ = {isa = PBXBuildFile; fileRef = B145F2A428B9CD5900954B6A /* CategorySettingViewController.swift */; };
		B145F2A728B9CFBA00954B6A /* CategorySettingViewCell.swift in Sources */ = {isa = PBXBuildFile; fileRef = B145F2A628B9CFBA00954B6A /* CategorySettingViewCell.swift */; };
		B14B039628B1FF2C008C4132 /* ChecklistViewCell.swift in Sources */ = {isa = PBXBuildFile; fileRef = B14B039528B1FF2C008C4132 /* ChecklistViewCell.swift */; };
		B14B487928BB5B2A001FC561 /* UIButton+.swift in Sources */ = {isa = PBXBuildFile; fileRef = B14B487828BB5B2A001FC561 /* UIButton+.swift */; };
		B14B487B28BBF2CD001FC561 /* BagViewController.swift in Sources */ = {isa = PBXBuildFile; fileRef = B14B487A28BBF2CD001FC561 /* BagViewController.swift */; };
		B1565DB428B31613001D4A9D /* ChecklistHeaderView.swift in Sources */ = {isa = PBXBuildFile; fileRef = B1565DB328B31613001D4A9D /* ChecklistHeaderView.swift */; };
		B1565DB728B35D71001D4A9D /* Checklist.swift in Sources */ = {isa = PBXBuildFile; fileRef = B1565DB628B35D71001D4A9D /* Checklist.swift */; };
		B1565DBA28B365B5001D4A9D /* ChecklistHeaderViewCell.swift in Sources */ = {isa = PBXBuildFile; fileRef = B1565DB928B365B5001D4A9D /* ChecklistHeaderViewCell.swift */; };
		B1565DBC28B3B3D1001D4A9D /* UserDefaults+.swift in Sources */ = {isa = PBXBuildFile; fileRef = B1565DBB28B3B3D1001D4A9D /* UserDefaults+.swift */; };
		DC81F074432CF4D77C54211A /* Pods_Camming_CammingUITests.framework in Frameworks */ = {isa = PBXBuildFile; fileRef = 4B63BF5FE8A3BEF805275CAB /* Pods_Camming_CammingUITests.framework */; };
		E0C1AC7437C64BFF69B80F4C /* Pods_CammingTests.framework in Frameworks */ = {isa = PBXBuildFile; fileRef = 42914B89957DF77F489CA4FD /* Pods_CammingTests.framework */; };
/* End PBXBuildFile section */

/* Begin PBXContainerItemProxy section */
		B1051CF328B1059C006205BB /* PBXContainerItemProxy */ = {
			isa = PBXContainerItemProxy;
			containerPortal = B1051CD428B1059A006205BB /* Project object */;
			proxyType = 1;
			remoteGlobalIDString = B1051CDB28B1059A006205BB;
			remoteInfo = Camming;
		};
		B1051CFD28B1059C006205BB /* PBXContainerItemProxy */ = {
			isa = PBXContainerItemProxy;
			containerPortal = B1051CD428B1059A006205BB /* Project object */;
			proxyType = 1;
			remoteGlobalIDString = B1051CDB28B1059A006205BB;
			remoteInfo = Camming;
		};
/* End PBXContainerItemProxy section */

/* Begin PBXFileReference section */
		13D181976E7CC36EABA05825 /* Pods-Camming-CammingUITests.release.xcconfig */ = {isa = PBXFileReference; includeInIndex = 1; lastKnownFileType = text.xcconfig; name = "Pods-Camming-CammingUITests.release.xcconfig"; path = "Target Support Files/Pods-Camming-CammingUITests/Pods-Camming-CammingUITests.release.xcconfig"; sourceTree = "<group>"; };
		42914B89957DF77F489CA4FD /* Pods_CammingTests.framework */ = {isa = PBXFileReference; explicitFileType = wrapper.framework; includeInIndex = 0; path = Pods_CammingTests.framework; sourceTree = BUILT_PRODUCTS_DIR; };
		4B63BF5FE8A3BEF805275CAB /* Pods_Camming_CammingUITests.framework */ = {isa = PBXFileReference; explicitFileType = wrapper.framework; includeInIndex = 0; path = Pods_Camming_CammingUITests.framework; sourceTree = BUILT_PRODUCTS_DIR; };
		5E53C46072556E7B1DCF587E /* Pods-Camming.release.xcconfig */ = {isa = PBXFileReference; includeInIndex = 1; lastKnownFileType = text.xcconfig; name = "Pods-Camming.release.xcconfig"; path = "Target Support Files/Pods-Camming/Pods-Camming.release.xcconfig"; sourceTree = "<group>"; };
		69325DB908A05E0E88818B1E /* Pods-Camming.debug.xcconfig */ = {isa = PBXFileReference; includeInIndex = 1; lastKnownFileType = text.xcconfig; name = "Pods-Camming.debug.xcconfig"; path = "Target Support Files/Pods-Camming/Pods-Camming.debug.xcconfig"; sourceTree = "<group>"; };
		6FA2EB78F990FF5A9ACAF76B /* Pods_Camming.framework */ = {isa = PBXFileReference; explicitFileType = wrapper.framework; includeInIndex = 0; path = Pods_Camming.framework; sourceTree = BUILT_PRODUCTS_DIR; };
		7C6E3BCBA3250E2F19D66E25 /* Pods-CammingTests.debug.xcconfig */ = {isa = PBXFileReference; includeInIndex = 1; lastKnownFileType = text.xcconfig; name = "Pods-CammingTests.debug.xcconfig"; path = "Target Support Files/Pods-CammingTests/Pods-CammingTests.debug.xcconfig"; sourceTree = "<group>"; };
		B1051CDC28B1059A006205BB /* Camming.app */ = {isa = PBXFileReference; explicitFileType = wrapper.application; includeInIndex = 0; path = Camming.app; sourceTree = BUILT_PRODUCTS_DIR; };
		B1051CDF28B1059A006205BB /* AppDelegate.swift */ = {isa = PBXFileReference; lastKnownFileType = sourcecode.swift; path = AppDelegate.swift; sourceTree = "<group>"; };
		B1051CE128B1059A006205BB /* SceneDelegate.swift */ = {isa = PBXFileReference; lastKnownFileType = sourcecode.swift; path = SceneDelegate.swift; sourceTree = "<group>"; };
		B1051CE328B1059A006205BB /* TabBarController.swift */ = {isa = PBXFileReference; lastKnownFileType = sourcecode.swift; path = TabBarController.swift; sourceTree = "<group>"; };
		B1051CE828B1059C006205BB /* Assets.xcassets */ = {isa = PBXFileReference; lastKnownFileType = folder.assetcatalog; path = Assets.xcassets; sourceTree = "<group>"; };
		B1051CEB28B1059C006205BB /* Base */ = {isa = PBXFileReference; lastKnownFileType = file.storyboard; name = Base; path = Base.lproj/LaunchScreen.storyboard; sourceTree = "<group>"; };
		B1051CED28B1059C006205BB /* Info.plist */ = {isa = PBXFileReference; lastKnownFileType = text.plist.xml; path = Info.plist; sourceTree = "<group>"; };
		B1051CF228B1059C006205BB /* CammingTests.xctest */ = {isa = PBXFileReference; explicitFileType = wrapper.cfbundle; includeInIndex = 0; path = CammingTests.xctest; sourceTree = BUILT_PRODUCTS_DIR; };
		B1051CF628B1059C006205BB /* CammingTests.swift */ = {isa = PBXFileReference; lastKnownFileType = sourcecode.swift; path = CammingTests.swift; sourceTree = "<group>"; };
		B1051CFC28B1059C006205BB /* CammingUITests.xctest */ = {isa = PBXFileReference; explicitFileType = wrapper.cfbundle; includeInIndex = 0; path = CammingUITests.xctest; sourceTree = BUILT_PRODUCTS_DIR; };
		B1051D0028B1059C006205BB /* CammingUITests.swift */ = {isa = PBXFileReference; lastKnownFileType = sourcecode.swift; path = CammingUITests.swift; sourceTree = "<group>"; };
		B1051D0228B1059C006205BB /* CammingUITestsLaunchTests.swift */ = {isa = PBXFileReference; lastKnownFileType = sourcecode.swift; path = CammingUITestsLaunchTests.swift; sourceTree = "<group>"; };
		B1051D1428B10941006205BB /* TabBarItem.swift */ = {isa = PBXFileReference; lastKnownFileType = sourcecode.swift; path = TabBarItem.swift; sourceTree = "<group>"; };
		B1051D1628B10C14006205BB /* ChecklistViewController.swift */ = {isa = PBXFileReference; lastKnownFileType = sourcecode.swift; path = ChecklistViewController.swift; sourceTree = "<group>"; };
		B13A3BE528BD37C8000AD20A /* BagsViewCell.swift */ = {isa = PBXFileReference; lastKnownFileType = sourcecode.swift; path = BagsViewCell.swift; sourceTree = "<group>"; };
		B13A3BE728BD37D4000AD20A /* ChecklistsInBagViewCell.swift */ = {isa = PBXFileReference; lastKnownFileType = sourcecode.swift; path = ChecklistsInBagViewCell.swift; sourceTree = "<group>"; };
		B145F2A028B967C000954B6A /* SelectBagsViewController.swift */ = {isa = PBXFileReference; lastKnownFileType = sourcecode.swift; path = SelectBagsViewController.swift; sourceTree = "<group>"; };
		B145F2A228B96B8800954B6A /* SelectBagsViewCell.swift */ = {isa = PBXFileReference; lastKnownFileType = sourcecode.swift; path = SelectBagsViewCell.swift; sourceTree = "<group>"; };
		B145F2A428B9CD5900954B6A /* CategorySettingViewController.swift */ = {isa = PBXFileReference; lastKnownFileType = sourcecode.swift; path = CategorySettingViewController.swift; sourceTree = "<group>"; };
		B145F2A628B9CFBA00954B6A /* CategorySettingViewCell.swift */ = {isa = PBXFileReference; lastKnownFileType = sourcecode.swift; path = CategorySettingViewCell.swift; sourceTree = "<group>"; };
		B14B039528B1FF2C008C4132 /* ChecklistViewCell.swift */ = {isa = PBXFileReference; lastKnownFileType = sourcecode.swift; path = ChecklistViewCell.swift; sourceTree = "<group>"; };
		B14B487828BB5B2A001FC561 /* UIButton+.swift */ = {isa = PBXFileReference; lastKnownFileType = sourcecode.swift; path = "UIButton+.swift"; sourceTree = "<group>"; };
		B14B487A28BBF2CD001FC561 /* BagViewController.swift */ = {isa = PBXFileReference; lastKnownFileType = sourcecode.swift; path = BagViewController.swift; sourceTree = "<group>"; };
		B1565DB328B31613001D4A9D /* ChecklistHeaderView.swift */ = {isa = PBXFileReference; lastKnownFileType = sourcecode.swift; path = ChecklistHeaderView.swift; sourceTree = "<group>"; };
		B1565DB628B35D71001D4A9D /* Checklist.swift */ = {isa = PBXFileReference; lastKnownFileType = sourcecode.swift; path = Checklist.swift; sourceTree = "<group>"; };
		B1565DB928B365B5001D4A9D /* ChecklistHeaderViewCell.swift */ = {isa = PBXFileReference; lastKnownFileType = sourcecode.swift; path = ChecklistHeaderViewCell.swift; sourceTree = "<group>"; };
		B1565DBB28B3B3D1001D4A9D /* UserDefaults+.swift */ = {isa = PBXFileReference; lastKnownFileType = sourcecode.swift; path = "UserDefaults+.swift"; sourceTree = "<group>"; };
		B8184FF2E1AD9669A8222E6D /* Pods-Camming-CammingUITests.debug.xcconfig */ = {isa = PBXFileReference; includeInIndex = 1; lastKnownFileType = text.xcconfig; name = "Pods-Camming-CammingUITests.debug.xcconfig"; path = "Target Support Files/Pods-Camming-CammingUITests/Pods-Camming-CammingUITests.debug.xcconfig"; sourceTree = "<group>"; };
		EF53F2751ED43E6F99407F77 /* Pods-CammingTests.release.xcconfig */ = {isa = PBXFileReference; includeInIndex = 1; lastKnownFileType = text.xcconfig; name = "Pods-CammingTests.release.xcconfig"; path = "Target Support Files/Pods-CammingTests/Pods-CammingTests.release.xcconfig"; sourceTree = "<group>"; };
/* End PBXFileReference section */

/* Begin PBXFrameworksBuildPhase section */
		B1051CD928B1059A006205BB /* Frameworks */ = {
			isa = PBXFrameworksBuildPhase;
			buildActionMask = 2147483647;
			files = (
				353C008A261BF7008CEE7EFA /* Pods_Camming.framework in Frameworks */,
				B145F29F28B91E0800954B6A /* SwipeCellKit in Frameworks */,
				B1051D1228B108C2006205BB /* SnapKit in Frameworks */,
			);
			runOnlyForDeploymentPostprocessing = 0;
		};
		B1051CEF28B1059C006205BB /* Frameworks */ = {
			isa = PBXFrameworksBuildPhase;
			buildActionMask = 2147483647;
			files = (
				E0C1AC7437C64BFF69B80F4C /* Pods_CammingTests.framework in Frameworks */,
			);
			runOnlyForDeploymentPostprocessing = 0;
		};
		B1051CF928B1059C006205BB /* Frameworks */ = {
			isa = PBXFrameworksBuildPhase;
			buildActionMask = 2147483647;
			files = (
				DC81F074432CF4D77C54211A /* Pods_Camming_CammingUITests.framework in Frameworks */,
			);
			runOnlyForDeploymentPostprocessing = 0;
		};
/* End PBXFrameworksBuildPhase section */

/* Begin PBXGroup section */
		6391E299A3B96C26DBAF4D6C /* Pods */ = {
			isa = PBXGroup;
			children = (
				69325DB908A05E0E88818B1E /* Pods-Camming.debug.xcconfig */,
				5E53C46072556E7B1DCF587E /* Pods-Camming.release.xcconfig */,
				B8184FF2E1AD9669A8222E6D /* Pods-Camming-CammingUITests.debug.xcconfig */,
				13D181976E7CC36EABA05825 /* Pods-Camming-CammingUITests.release.xcconfig */,
				7C6E3BCBA3250E2F19D66E25 /* Pods-CammingTests.debug.xcconfig */,
				EF53F2751ED43E6F99407F77 /* Pods-CammingTests.release.xcconfig */,
			);
			path = Pods;
			sourceTree = "<group>";
		};
		B1051CD328B1059A006205BB = {
			isa = PBXGroup;
			children = (
				B1051CDE28B1059A006205BB /* Camming */,
				B1051CF528B1059C006205BB /* CammingTests */,
				B1051CFF28B1059C006205BB /* CammingUITests */,
				B1051CDD28B1059A006205BB /* Products */,
				6391E299A3B96C26DBAF4D6C /* Pods */,
				F966C41514DDC4F7C0F251D8 /* Frameworks */,
			);
			sourceTree = "<group>";
		};
		B1051CDD28B1059A006205BB /* Products */ = {
			isa = PBXGroup;
			children = (
				B1051CDC28B1059A006205BB /* Camming.app */,
				B1051CF228B1059C006205BB /* CammingTests.xctest */,
				B1051CFC28B1059C006205BB /* CammingUITests.xctest */,
			);
			name = Products;
			sourceTree = "<group>";
		};
		B1051CDE28B1059A006205BB /* Camming */ = {
			isa = PBXGroup;
			children = (
				B1051CDF28B1059A006205BB /* AppDelegate.swift */,
				B1051CE128B1059A006205BB /* SceneDelegate.swift */,
				B1565DB828B35D76001D4A9D /* Models */,
				B1565DBD28B3B3D5001D4A9D /* Extension */,
				B1051D1328B10928006205BB /* Scenes */,
				B1051CE828B1059C006205BB /* Assets.xcassets */,
				B1051CEA28B1059C006205BB /* LaunchScreen.storyboard */,
				B1051CED28B1059C006205BB /* Info.plist */,
			);
			path = Camming;
			sourceTree = "<group>";
		};
		B1051CF528B1059C006205BB /* CammingTests */ = {
			isa = PBXGroup;
			children = (
				B1051CF628B1059C006205BB /* CammingTests.swift */,
			);
			path = CammingTests;
			sourceTree = "<group>";
		};
		B1051CFF28B1059C006205BB /* CammingUITests */ = {
			isa = PBXGroup;
			children = (
				B1051D0028B1059C006205BB /* CammingUITests.swift */,
				B1051D0228B1059C006205BB /* CammingUITestsLaunchTests.swift */,
			);
			path = CammingUITests;
			sourceTree = "<group>";
		};
		B1051D1328B10928006205BB /* Scenes */ = {
			isa = PBXGroup;
			children = (
				B1051D1828B10DC7006205BB /* TabBar */,
				B1565DB528B318BE001D4A9D /* Checklist */,
			);
			path = Scenes;
			sourceTree = "<group>";
		};
		B1051D1828B10DC7006205BB /* TabBar */ = {
			isa = PBXGroup;
			children = (
				B1051CE328B1059A006205BB /* TabBarController.swift */,
				B1051D1428B10941006205BB /* TabBarItem.swift */,
			);
			path = TabBar;
			sourceTree = "<group>";
		};
		B145F2A828B9F91500954B6A /* CategorySetting */ = {
			isa = PBXGroup;
			children = (
				B145F2A428B9CD5900954B6A /* CategorySettingViewController.swift */,
				B145F2A628B9CFBA00954B6A /* CategorySettingViewCell.swift */,
			);
			path = CategorySetting;
			sourceTree = "<group>";
		};
		B145F2A928B9F92200954B6A /* SelectBag */ = {
			isa = PBXGroup;
			children = (
				B145F2A028B967C000954B6A /* SelectBagsViewController.swift */,
				B145F2A228B96B8800954B6A /* SelectBagsViewCell.swift */,
			);
			path = SelectBag;
			sourceTree = "<group>";
		};
		B14B487C28BBF2E0001FC561 /* Bag */ = {
			isa = PBXGroup;
			children = (
				B14B487A28BBF2CD001FC561 /* BagViewController.swift */,
				B13A3BE528BD37C8000AD20A /* BagsViewCell.swift */,
				B13A3BE728BD37D4000AD20A /* ChecklistsInBagViewCell.swift */,
			);
			path = Bag;
			sourceTree = "<group>";
		};
		B1565DB528B318BE001D4A9D /* Checklist */ = {
			isa = PBXGroup;
			children = (
				B1051D1628B10C14006205BB /* ChecklistViewController.swift */,
				B14B039528B1FF2C008C4132 /* ChecklistViewCell.swift */,
				B1565DB328B31613001D4A9D /* ChecklistHeaderView.swift */,
				B1565DB928B365B5001D4A9D /* ChecklistHeaderViewCell.swift */,
				B14B487C28BBF2E0001FC561 /* Bag */,
				B145F2A828B9F91500954B6A /* CategorySetting */,
				B145F2A928B9F92200954B6A /* SelectBag */,
			);
			path = Checklist;
			sourceTree = "<group>";
		};
		B1565DB828B35D76001D4A9D /* Models */ = {
			isa = PBXGroup;
			children = (
				B1565DB628B35D71001D4A9D /* Checklist.swift */,
			);
			path = Models;
			sourceTree = "<group>";
		};
		B1565DBD28B3B3D5001D4A9D /* Extension */ = {
			isa = PBXGroup;
			children = (
				B1565DBB28B3B3D1001D4A9D /* UserDefaults+.swift */,
				B14B487828BB5B2A001FC561 /* UIButton+.swift */,
			);
			path = Extension;
			sourceTree = "<group>";
		};
		F966C41514DDC4F7C0F251D8 /* Frameworks */ = {
			isa = PBXGroup;
			children = (
				6FA2EB78F990FF5A9ACAF76B /* Pods_Camming.framework */,
				4B63BF5FE8A3BEF805275CAB /* Pods_Camming_CammingUITests.framework */,
				42914B89957DF77F489CA4FD /* Pods_CammingTests.framework */,
			);
			name = Frameworks;
			sourceTree = "<group>";
		};
/* End PBXGroup section */

/* Begin PBXNativeTarget section */
		B1051CDB28B1059A006205BB /* Camming */ = {
			isa = PBXNativeTarget;
			buildConfigurationList = B1051D0628B1059C006205BB /* Build configuration list for PBXNativeTarget "Camming" */;
			buildPhases = (
				201C6FAD60CE6C5E7048227D /* [CP] Check Pods Manifest.lock */,
				B1051CD828B1059A006205BB /* Sources */,
				B1051CD928B1059A006205BB /* Frameworks */,
				B1051CDA28B1059A006205BB /* Resources */,
				B1051D0F28B1069F006205BB /* Swiftlint */,
				672C226613F8360DA7708DB9 /* [CP] Embed Pods Frameworks */,
			);
			buildRules = (
			);
			dependencies = (
			);
			name = Camming;
			packageProductDependencies = (
				B1051D1128B108C2006205BB /* SnapKit */,
				B145F29E28B91E0800954B6A /* SwipeCellKit */,
			);
			productName = Camming;
			productReference = B1051CDC28B1059A006205BB /* Camming.app */;
			productType = "com.apple.product-type.application";
		};
		B1051CF128B1059C006205BB /* CammingTests */ = {
			isa = PBXNativeTarget;
			buildConfigurationList = B1051D0928B1059C006205BB /* Build configuration list for PBXNativeTarget "CammingTests" */;
			buildPhases = (
				FE8E9289E3F00C14713E1FEC /* [CP] Check Pods Manifest.lock */,
				B1051CEE28B1059C006205BB /* Sources */,
				B1051CEF28B1059C006205BB /* Frameworks */,
				B1051CF028B1059C006205BB /* Resources */,
			);
			buildRules = (
			);
			dependencies = (
				B1051CF428B1059C006205BB /* PBXTargetDependency */,
			);
			name = CammingTests;
			productName = CammingTests;
			productReference = B1051CF228B1059C006205BB /* CammingTests.xctest */;
			productType = "com.apple.product-type.bundle.unit-test";
		};
		B1051CFB28B1059C006205BB /* CammingUITests */ = {
			isa = PBXNativeTarget;
			buildConfigurationList = B1051D0C28B1059C006205BB /* Build configuration list for PBXNativeTarget "CammingUITests" */;
			buildPhases = (
				5C5FAC30CC1560C707045451 /* [CP] Check Pods Manifest.lock */,
				B1051CF828B1059C006205BB /* Sources */,
				B1051CF928B1059C006205BB /* Frameworks */,
				B1051CFA28B1059C006205BB /* Resources */,
				C2BEBD2A28AAD26380207DD7 /* [CP] Embed Pods Frameworks */,
			);
			buildRules = (
			);
			dependencies = (
				B1051CFE28B1059C006205BB /* PBXTargetDependency */,
			);
			name = CammingUITests;
			productName = CammingUITests;
			productReference = B1051CFC28B1059C006205BB /* CammingUITests.xctest */;
			productType = "com.apple.product-type.bundle.ui-testing";
		};
/* End PBXNativeTarget section */

/* Begin PBXProject section */
		B1051CD428B1059A006205BB /* Project object */ = {
			isa = PBXProject;
			attributes = {
				BuildIndependentTargetsInParallel = 1;
				LastSwiftUpdateCheck = 1340;
				LastUpgradeCheck = 1340;
				TargetAttributes = {
					B1051CDB28B1059A006205BB = {
						CreatedOnToolsVersion = 13.4.1;
					};
					B1051CF128B1059C006205BB = {
						CreatedOnToolsVersion = 13.4.1;
						TestTargetID = B1051CDB28B1059A006205BB;
					};
					B1051CFB28B1059C006205BB = {
						CreatedOnToolsVersion = 13.4.1;
						TestTargetID = B1051CDB28B1059A006205BB;
					};
				};
			};
			buildConfigurationList = B1051CD728B1059A006205BB /* Build configuration list for PBXProject "Camming" */;
			compatibilityVersion = "Xcode 13.0";
			developmentRegion = en;
			hasScannedForEncodings = 0;
			knownRegions = (
				en,
				Base,
			);
			mainGroup = B1051CD328B1059A006205BB;
			packageReferences = (
				B1051D1028B108C2006205BB /* XCRemoteSwiftPackageReference "SnapKit" */,
				B145F29D28B91E0800954B6A /* XCRemoteSwiftPackageReference "SwipeCellKit" */,
			);
			productRefGroup = B1051CDD28B1059A006205BB /* Products */;
			projectDirPath = "";
			projectRoot = "";
			targets = (
				B1051CDB28B1059A006205BB /* Camming */,
				B1051CF128B1059C006205BB /* CammingTests */,
				B1051CFB28B1059C006205BB /* CammingUITests */,
			);
		};
/* End PBXProject section */

/* Begin PBXResourcesBuildPhase section */
		B1051CDA28B1059A006205BB /* Resources */ = {
			isa = PBXResourcesBuildPhase;
			buildActionMask = 2147483647;
			files = (
				B1051CEC28B1059C006205BB /* LaunchScreen.storyboard in Resources */,
				B1051CE928B1059C006205BB /* Assets.xcassets in Resources */,
			);
			runOnlyForDeploymentPostprocessing = 0;
		};
		B1051CF028B1059C006205BB /* Resources */ = {
			isa = PBXResourcesBuildPhase;
			buildActionMask = 2147483647;
			files = (
			);
			runOnlyForDeploymentPostprocessing = 0;
		};
		B1051CFA28B1059C006205BB /* Resources */ = {
			isa = PBXResourcesBuildPhase;
			buildActionMask = 2147483647;
			files = (
			);
			runOnlyForDeploymentPostprocessing = 0;
		};
/* End PBXResourcesBuildPhase section */

/* Begin PBXShellScriptBuildPhase section */
		201C6FAD60CE6C5E7048227D /* [CP] Check Pods Manifest.lock */ = {
			isa = PBXShellScriptBuildPhase;
			buildActionMask = 2147483647;
			files = (
			);
			inputFileListPaths = (
			);
			inputPaths = (
				"${PODS_PODFILE_DIR_PATH}/Podfile.lock",
				"${PODS_ROOT}/Manifest.lock",
			);
			name = "[CP] Check Pods Manifest.lock";
			outputFileListPaths = (
			);
			outputPaths = (
				"$(DERIVED_FILE_DIR)/Pods-Camming-checkManifestLockResult.txt",
			);
			runOnlyForDeploymentPostprocessing = 0;
			shellPath = /bin/sh;
			shellScript = "diff \"${PODS_PODFILE_DIR_PATH}/Podfile.lock\" \"${PODS_ROOT}/Manifest.lock\" > /dev/null\nif [ $? != 0 ] ; then\n    # print error to STDERR\n    echo \"error: The sandbox is not in sync with the Podfile.lock. Run 'pod install' or update your CocoaPods installation.\" >&2\n    exit 1\nfi\n# This output is used by Xcode 'outputs' to avoid re-running this script phase.\necho \"SUCCESS\" > \"${SCRIPT_OUTPUT_FILE_0}\"\n";
			showEnvVarsInLog = 0;
		};
		5C5FAC30CC1560C707045451 /* [CP] Check Pods Manifest.lock */ = {
			isa = PBXShellScriptBuildPhase;
			buildActionMask = 2147483647;
			files = (
			);
			inputFileListPaths = (
			);
			inputPaths = (
				"${PODS_PODFILE_DIR_PATH}/Podfile.lock",
				"${PODS_ROOT}/Manifest.lock",
			);
			name = "[CP] Check Pods Manifest.lock";
			outputFileListPaths = (
			);
			outputPaths = (
				"$(DERIVED_FILE_DIR)/Pods-Camming-CammingUITests-checkManifestLockResult.txt",
			);
			runOnlyForDeploymentPostprocessing = 0;
			shellPath = /bin/sh;
			shellScript = "diff \"${PODS_PODFILE_DIR_PATH}/Podfile.lock\" \"${PODS_ROOT}/Manifest.lock\" > /dev/null\nif [ $? != 0 ] ; then\n    # print error to STDERR\n    echo \"error: The sandbox is not in sync with the Podfile.lock. Run 'pod install' or update your CocoaPods installation.\" >&2\n    exit 1\nfi\n# This output is used by Xcode 'outputs' to avoid re-running this script phase.\necho \"SUCCESS\" > \"${SCRIPT_OUTPUT_FILE_0}\"\n";
			showEnvVarsInLog = 0;
		};
		672C226613F8360DA7708DB9 /* [CP] Embed Pods Frameworks */ = {
			isa = PBXShellScriptBuildPhase;
			buildActionMask = 2147483647;
			files = (
			);
			inputFileListPaths = (
				"${PODS_ROOT}/Target Support Files/Pods-Camming/Pods-Camming-frameworks-${CONFIGURATION}-input-files.xcfilelist",
			);
			name = "[CP] Embed Pods Frameworks";
			outputFileListPaths = (
				"${PODS_ROOT}/Target Support Files/Pods-Camming/Pods-Camming-frameworks-${CONFIGURATION}-output-files.xcfilelist",
			);
			runOnlyForDeploymentPostprocessing = 0;
			shellPath = /bin/sh;
			shellScript = "\"${PODS_ROOT}/Target Support Files/Pods-Camming/Pods-Camming-frameworks.sh\"\n";
			showEnvVarsInLog = 0;
		};
		B1051D0F28B1069F006205BB /* Swiftlint */ = {
			isa = PBXShellScriptBuildPhase;
			buildActionMask = 2147483647;
			files = (
			);
			inputFileListPaths = (
			);
			inputPaths = (
			);
			name = Swiftlint;
			outputFileListPaths = (
			);
			outputPaths = (
			);
			runOnlyForDeploymentPostprocessing = 0;
			shellPath = /bin/sh;
			shellScript = "export PATH=\"$PATH:/opt/homebrew/bin\"\nif which swiftlint > /dev/null; then\n  swiftlint\nelse\n  echo \"warning: SwiftLint not installed, download from https://github.com/realm/SwiftLint\"\nfi\n";
		};
		C2BEBD2A28AAD26380207DD7 /* [CP] Embed Pods Frameworks */ = {
			isa = PBXShellScriptBuildPhase;
			buildActionMask = 2147483647;
			files = (
			);
			inputFileListPaths = (
				"${PODS_ROOT}/Target Support Files/Pods-Camming-CammingUITests/Pods-Camming-CammingUITests-frameworks-${CONFIGURATION}-input-files.xcfilelist",
			);
			name = "[CP] Embed Pods Frameworks";
			outputFileListPaths = (
				"${PODS_ROOT}/Target Support Files/Pods-Camming-CammingUITests/Pods-Camming-CammingUITests-frameworks-${CONFIGURATION}-output-files.xcfilelist",
			);
			runOnlyForDeploymentPostprocessing = 0;
			shellPath = /bin/sh;
			shellScript = "\"${PODS_ROOT}/Target Support Files/Pods-Camming-CammingUITests/Pods-Camming-CammingUITests-frameworks.sh\"\n";
			showEnvVarsInLog = 0;
		};
		FE8E9289E3F00C14713E1FEC /* [CP] Check Pods Manifest.lock */ = {
			isa = PBXShellScriptBuildPhase;
			buildActionMask = 2147483647;
			files = (
			);
			inputFileListPaths = (
			);
			inputPaths = (
				"${PODS_PODFILE_DIR_PATH}/Podfile.lock",
				"${PODS_ROOT}/Manifest.lock",
			);
			name = "[CP] Check Pods Manifest.lock";
			outputFileListPaths = (
			);
			outputPaths = (
				"$(DERIVED_FILE_DIR)/Pods-CammingTests-checkManifestLockResult.txt",
			);
			runOnlyForDeploymentPostprocessing = 0;
			shellPath = /bin/sh;
			shellScript = "diff \"${PODS_PODFILE_DIR_PATH}/Podfile.lock\" \"${PODS_ROOT}/Manifest.lock\" > /dev/null\nif [ $? != 0 ] ; then\n    # print error to STDERR\n    echo \"error: The sandbox is not in sync with the Podfile.lock. Run 'pod install' or update your CocoaPods installation.\" >&2\n    exit 1\nfi\n# This output is used by Xcode 'outputs' to avoid re-running this script phase.\necho \"SUCCESS\" > \"${SCRIPT_OUTPUT_FILE_0}\"\n";
			showEnvVarsInLog = 0;
		};
/* End PBXShellScriptBuildPhase section */

/* Begin PBXSourcesBuildPhase section */
		B1051CD828B1059A006205BB /* Sources */ = {
			isa = PBXSourcesBuildPhase;
			buildActionMask = 2147483647;
			files = (
				B1565DBA28B365B5001D4A9D /* ChecklistHeaderViewCell.swift in Sources */,
				B1051CE428B1059A006205BB /* TabBarController.swift in Sources */,
				B1565DBC28B3B3D1001D4A9D /* UserDefaults+.swift in Sources */,
				B145F2A328B96B8800954B6A /* SelectBagsViewCell.swift in Sources */,
				B14B487928BB5B2A001FC561 /* UIButton+.swift in Sources */,
				B1051CE028B1059A006205BB /* AppDelegate.swift in Sources */,
				B145F2A128B967C000954B6A /* SelectBagsViewController.swift in Sources */,
				B1051D1528B10941006205BB /* TabBarItem.swift in Sources */,
				B145F2A728B9CFBA00954B6A /* CategorySettingViewCell.swift in Sources */,
				B13A3BE828BD37D4000AD20A /* ChecklistsInBagViewCell.swift in Sources */,
				B1051D1728B10C14006205BB /* ChecklistViewController.swift in Sources */,
				B145F2A528B9CD5900954B6A /* CategorySettingViewController.swift in Sources */,
				B14B487B28BBF2CD001FC561 /* BagViewController.swift in Sources */,
				B1565DB728B35D71001D4A9D /* Checklist.swift in Sources */,
				B1565DB428B31613001D4A9D /* ChecklistHeaderView.swift in Sources */,
				B14B039628B1FF2C008C4132 /* ChecklistViewCell.swift in Sources */,
				B13A3BE628BD37C8000AD20A /* BagsViewCell.swift in Sources */,
				B1051CE228B1059A006205BB /* SceneDelegate.swift in Sources */,
			);
			runOnlyForDeploymentPostprocessing = 0;
		};
		B1051CEE28B1059C006205BB /* Sources */ = {
			isa = PBXSourcesBuildPhase;
			buildActionMask = 2147483647;
			files = (
				B1051CF728B1059C006205BB /* CammingTests.swift in Sources */,
			);
			runOnlyForDeploymentPostprocessing = 0;
		};
		B1051CF828B1059C006205BB /* Sources */ = {
			isa = PBXSourcesBuildPhase;
			buildActionMask = 2147483647;
			files = (
				B1051D0128B1059C006205BB /* CammingUITests.swift in Sources */,
				B1051D0328B1059C006205BB /* CammingUITestsLaunchTests.swift in Sources */,
			);
			runOnlyForDeploymentPostprocessing = 0;
		};
/* End PBXSourcesBuildPhase section */

/* Begin PBXTargetDependency section */
		B1051CF428B1059C006205BB /* PBXTargetDependency */ = {
			isa = PBXTargetDependency;
			target = B1051CDB28B1059A006205BB /* Camming */;
			targetProxy = B1051CF328B1059C006205BB /* PBXContainerItemProxy */;
		};
		B1051CFE28B1059C006205BB /* PBXTargetDependency */ = {
			isa = PBXTargetDependency;
			target = B1051CDB28B1059A006205BB /* Camming */;
			targetProxy = B1051CFD28B1059C006205BB /* PBXContainerItemProxy */;
		};
/* End PBXTargetDependency section */

/* Begin PBXVariantGroup section */
		B1051CEA28B1059C006205BB /* LaunchScreen.storyboard */ = {
			isa = PBXVariantGroup;
			children = (
				B1051CEB28B1059C006205BB /* Base */,
			);
			name = LaunchScreen.storyboard;
			sourceTree = "<group>";
		};
/* End PBXVariantGroup section */

/* Begin XCBuildConfiguration section */
		B1051D0428B1059C006205BB /* Debug */ = {
			isa = XCBuildConfiguration;
			buildSettings = {
				ALWAYS_SEARCH_USER_PATHS = NO;
				CLANG_ANALYZER_NONNULL = YES;
				CLANG_ANALYZER_NUMBER_OBJECT_CONVERSION = YES_AGGRESSIVE;
				CLANG_CXX_LANGUAGE_STANDARD = "gnu++17";
				CLANG_ENABLE_MODULES = YES;
				CLANG_ENABLE_OBJC_ARC = YES;
				CLANG_ENABLE_OBJC_WEAK = YES;
				CLANG_WARN_BLOCK_CAPTURE_AUTORELEASING = YES;
				CLANG_WARN_BOOL_CONVERSION = YES;
				CLANG_WARN_COMMA = YES;
				CLANG_WARN_CONSTANT_CONVERSION = YES;
				CLANG_WARN_DEPRECATED_OBJC_IMPLEMENTATIONS = YES;
				CLANG_WARN_DIRECT_OBJC_ISA_USAGE = YES_ERROR;
				CLANG_WARN_DOCUMENTATION_COMMENTS = YES;
				CLANG_WARN_EMPTY_BODY = YES;
				CLANG_WARN_ENUM_CONVERSION = YES;
				CLANG_WARN_INFINITE_RECURSION = YES;
				CLANG_WARN_INT_CONVERSION = YES;
				CLANG_WARN_NON_LITERAL_NULL_CONVERSION = YES;
				CLANG_WARN_OBJC_IMPLICIT_RETAIN_SELF = YES;
				CLANG_WARN_OBJC_LITERAL_CONVERSION = YES;
				CLANG_WARN_OBJC_ROOT_CLASS = YES_ERROR;
				CLANG_WARN_QUOTED_INCLUDE_IN_FRAMEWORK_HEADER = YES;
				CLANG_WARN_RANGE_LOOP_ANALYSIS = YES;
				CLANG_WARN_STRICT_PROTOTYPES = YES;
				CLANG_WARN_SUSPICIOUS_MOVE = YES;
				CLANG_WARN_UNGUARDED_AVAILABILITY = YES_AGGRESSIVE;
				CLANG_WARN_UNREACHABLE_CODE = YES;
				CLANG_WARN__DUPLICATE_METHOD_MATCH = YES;
				COPY_PHASE_STRIP = NO;
				DEBUG_INFORMATION_FORMAT = dwarf;
				ENABLE_STRICT_OBJC_MSGSEND = YES;
				ENABLE_TESTABILITY = YES;
				GCC_C_LANGUAGE_STANDARD = gnu11;
				GCC_DYNAMIC_NO_PIC = NO;
				GCC_NO_COMMON_BLOCKS = YES;
				GCC_OPTIMIZATION_LEVEL = 0;
				GCC_PREPROCESSOR_DEFINITIONS = (
					"DEBUG=1",
					"$(inherited)",
				);
				GCC_WARN_64_TO_32_BIT_CONVERSION = YES;
				GCC_WARN_ABOUT_RETURN_TYPE = YES_ERROR;
				GCC_WARN_UNDECLARED_SELECTOR = YES;
				GCC_WARN_UNINITIALIZED_AUTOS = YES_AGGRESSIVE;
				GCC_WARN_UNUSED_FUNCTION = YES;
				GCC_WARN_UNUSED_VARIABLE = YES;
				IPHONEOS_DEPLOYMENT_TARGET = 15.5;
				MTL_ENABLE_DEBUG_INFO = INCLUDE_SOURCE;
				MTL_FAST_MATH = YES;
				ONLY_ACTIVE_ARCH = YES;
				SDKROOT = iphoneos;
				SWIFT_ACTIVE_COMPILATION_CONDITIONS = DEBUG;
				SWIFT_OPTIMIZATION_LEVEL = "-Onone";
			};
			name = Debug;
		};
		B1051D0528B1059C006205BB /* Release */ = {
			isa = XCBuildConfiguration;
			buildSettings = {
				ALWAYS_SEARCH_USER_PATHS = NO;
				CLANG_ANALYZER_NONNULL = YES;
				CLANG_ANALYZER_NUMBER_OBJECT_CONVERSION = YES_AGGRESSIVE;
				CLANG_CXX_LANGUAGE_STANDARD = "gnu++17";
				CLANG_ENABLE_MODULES = YES;
				CLANG_ENABLE_OBJC_ARC = YES;
				CLANG_ENABLE_OBJC_WEAK = YES;
				CLANG_WARN_BLOCK_CAPTURE_AUTORELEASING = YES;
				CLANG_WARN_BOOL_CONVERSION = YES;
				CLANG_WARN_COMMA = YES;
				CLANG_WARN_CONSTANT_CONVERSION = YES;
				CLANG_WARN_DEPRECATED_OBJC_IMPLEMENTATIONS = YES;
				CLANG_WARN_DIRECT_OBJC_ISA_USAGE = YES_ERROR;
				CLANG_WARN_DOCUMENTATION_COMMENTS = YES;
				CLANG_WARN_EMPTY_BODY = YES;
				CLANG_WARN_ENUM_CONVERSION = YES;
				CLANG_WARN_INFINITE_RECURSION = YES;
				CLANG_WARN_INT_CONVERSION = YES;
				CLANG_WARN_NON_LITERAL_NULL_CONVERSION = YES;
				CLANG_WARN_OBJC_IMPLICIT_RETAIN_SELF = YES;
				CLANG_WARN_OBJC_LITERAL_CONVERSION = YES;
				CLANG_WARN_OBJC_ROOT_CLASS = YES_ERROR;
				CLANG_WARN_QUOTED_INCLUDE_IN_FRAMEWORK_HEADER = YES;
				CLANG_WARN_RANGE_LOOP_ANALYSIS = YES;
				CLANG_WARN_STRICT_PROTOTYPES = YES;
				CLANG_WARN_SUSPICIOUS_MOVE = YES;
				CLANG_WARN_UNGUARDED_AVAILABILITY = YES_AGGRESSIVE;
				CLANG_WARN_UNREACHABLE_CODE = YES;
				CLANG_WARN__DUPLICATE_METHOD_MATCH = YES;
				COPY_PHASE_STRIP = NO;
				DEBUG_INFORMATION_FORMAT = "dwarf-with-dsym";
				ENABLE_NS_ASSERTIONS = NO;
				ENABLE_STRICT_OBJC_MSGSEND = YES;
				GCC_C_LANGUAGE_STANDARD = gnu11;
				GCC_NO_COMMON_BLOCKS = YES;
				GCC_WARN_64_TO_32_BIT_CONVERSION = YES;
				GCC_WARN_ABOUT_RETURN_TYPE = YES_ERROR;
				GCC_WARN_UNDECLARED_SELECTOR = YES;
				GCC_WARN_UNINITIALIZED_AUTOS = YES_AGGRESSIVE;
				GCC_WARN_UNUSED_FUNCTION = YES;
				GCC_WARN_UNUSED_VARIABLE = YES;
				IPHONEOS_DEPLOYMENT_TARGET = 15.5;
				MTL_ENABLE_DEBUG_INFO = NO;
				MTL_FAST_MATH = YES;
				SDKROOT = iphoneos;
				SWIFT_COMPILATION_MODE = wholemodule;
				SWIFT_OPTIMIZATION_LEVEL = "-O";
				VALIDATE_PRODUCT = YES;
			};
			name = Release;
		};
		B1051D0728B1059C006205BB /* Debug */ = {
			isa = XCBuildConfiguration;
			baseConfigurationReference = 69325DB908A05E0E88818B1E /* Pods-Camming.debug.xcconfig */;
			buildSettings = {
				ASSETCATALOG_COMPILER_APPICON_NAME = AppIcon;
				ASSETCATALOG_COMPILER_GLOBAL_ACCENT_COLOR_NAME = AccentColor;
				CODE_SIGN_STYLE = Automatic;
				CURRENT_PROJECT_VERSION = 5;
				DEVELOPMENT_TEAM = N4G34Z5GTF;
				ENABLE_TESTING_SEARCH_PATHS = YES;
				GENERATE_INFOPLIST_FILE = YES;
				INFOPLIST_FILE = Camming/Info.plist;
				INFOPLIST_KEY_CFBundleDisplayName = "Bag Checker";
				INFOPLIST_KEY_UIApplicationSupportsIndirectInputEvents = YES;
				INFOPLIST_KEY_UILaunchStoryboardName = LaunchScreen;
				INFOPLIST_KEY_UISupportedInterfaceOrientations_iPad = "UIInterfaceOrientationPortrait UIInterfaceOrientationPortraitUpsideDown UIInterfaceOrientationLandscapeLeft UIInterfaceOrientationLandscapeRight";
				INFOPLIST_KEY_UISupportedInterfaceOrientations_iPhone = "UIInterfaceOrientationPortrait UIInterfaceOrientationLandscapeLeft UIInterfaceOrientationLandscapeRight";
				IPHONEOS_DEPLOYMENT_TARGET = 13.0;
				LD_RUNPATH_SEARCH_PATHS = (
					"$(inherited)",
					"@executable_path/Frameworks",
				);
				MARKETING_VERSION = 1.0.0;
				PRODUCT_BUNDLE_IDENTIFIER = SWLEE.Camming;
				PRODUCT_NAME = "$(TARGET_NAME)";
				SWIFT_EMIT_LOC_STRINGS = YES;
				SWIFT_VERSION = 5.0;
				TARGETED_DEVICE_FAMILY = "1,2";
			};
			name = Debug;
		};
		B1051D0828B1059C006205BB /* Release */ = {
			isa = XCBuildConfiguration;
			baseConfigurationReference = 5E53C46072556E7B1DCF587E /* Pods-Camming.release.xcconfig */;
			buildSettings = {
				ASSETCATALOG_COMPILER_APPICON_NAME = AppIcon;
				ASSETCATALOG_COMPILER_GLOBAL_ACCENT_COLOR_NAME = AccentColor;
				CODE_SIGN_STYLE = Automatic;
				CURRENT_PROJECT_VERSION = 5;
				DEVELOPMENT_TEAM = N4G34Z5GTF;
				ENABLE_TESTING_SEARCH_PATHS = YES;
				GENERATE_INFOPLIST_FILE = YES;
				INFOPLIST_FILE = Camming/Info.plist;
				INFOPLIST_KEY_CFBundleDisplayName = "Bag Checker";
				INFOPLIST_KEY_UIApplicationSupportsIndirectInputEvents = YES;
				INFOPLIST_KEY_UILaunchStoryboardName = LaunchScreen;
				INFOPLIST_KEY_UISupportedInterfaceOrientations_iPad = "UIInterfaceOrientationPortrait UIInterfaceOrientationPortraitUpsideDown UIInterfaceOrientationLandscapeLeft UIInterfaceOrientationLandscapeRight";
				INFOPLIST_KEY_UISupportedInterfaceOrientations_iPhone = "UIInterfaceOrientationPortrait UIInterfaceOrientationLandscapeLeft UIInterfaceOrientationLandscapeRight";
				IPHONEOS_DEPLOYMENT_TARGET = 13.0;
				LD_RUNPATH_SEARCH_PATHS = (
					"$(inherited)",
					"@executable_path/Frameworks",
				);
				MARKETING_VERSION = 1.0.0;
				PRODUCT_BUNDLE_IDENTIFIER = SWLEE.Camming;
				PRODUCT_NAME = "$(TARGET_NAME)";
				SWIFT_EMIT_LOC_STRINGS = YES;
				SWIFT_VERSION = 5.0;
				TARGETED_DEVICE_FAMILY = "1,2";
			};
			name = Release;
		};
		B1051D0A28B1059C006205BB /* Debug */ = {
			isa = XCBuildConfiguration;
			baseConfigurationReference = 7C6E3BCBA3250E2F19D66E25 /* Pods-CammingTests.debug.xcconfig */;
			buildSettings = {
				ALWAYS_EMBED_SWIFT_STANDARD_LIBRARIES = YES;
				BUNDLE_LOADER = "$(TEST_HOST)";
				CODE_SIGN_STYLE = Automatic;
				CURRENT_PROJECT_VERSION = 1;
				DEVELOPMENT_TEAM = N4G34Z5GTF;
				GENERATE_INFOPLIST_FILE = YES;
				IPHONEOS_DEPLOYMENT_TARGET = 15.5;
				MARKETING_VERSION = 1.0;
				PRODUCT_BUNDLE_IDENTIFIER = SWLEE.CammingTests;
				PRODUCT_NAME = "$(TARGET_NAME)";
				SWIFT_EMIT_LOC_STRINGS = NO;
				SWIFT_VERSION = 5.0;
				TARGETED_DEVICE_FAMILY = "1,2";
				TEST_HOST = "$(BUILT_PRODUCTS_DIR)/Camming.app/Camming";
			};
			name = Debug;
		};
		B1051D0B28B1059C006205BB /* Release */ = {
			isa = XCBuildConfiguration;
			baseConfigurationReference = EF53F2751ED43E6F99407F77 /* Pods-CammingTests.release.xcconfig */;
			buildSettings = {
				ALWAYS_EMBED_SWIFT_STANDARD_LIBRARIES = YES;
				BUNDLE_LOADER = "$(TEST_HOST)";
				CODE_SIGN_STYLE = Automatic;
				CURRENT_PROJECT_VERSION = 1;
				DEVELOPMENT_TEAM = N4G34Z5GTF;
				GENERATE_INFOPLIST_FILE = YES;
				IPHONEOS_DEPLOYMENT_TARGET = 15.5;
				MARKETING_VERSION = 1.0;
				PRODUCT_BUNDLE_IDENTIFIER = SWLEE.CammingTests;
				PRODUCT_NAME = "$(TARGET_NAME)";
				SWIFT_EMIT_LOC_STRINGS = NO;
				SWIFT_VERSION = 5.0;
				TARGETED_DEVICE_FAMILY = "1,2";
				TEST_HOST = "$(BUILT_PRODUCTS_DIR)/Camming.app/Camming";
			};
			name = Release;
		};
		B1051D0D28B1059C006205BB /* Debug */ = {
			isa = XCBuildConfiguration;
			baseConfigurationReference = B8184FF2E1AD9669A8222E6D /* Pods-Camming-CammingUITests.debug.xcconfig */;
			buildSettings = {
				ALWAYS_EMBED_SWIFT_STANDARD_LIBRARIES = YES;
				CODE_SIGN_STYLE = Automatic;
				CURRENT_PROJECT_VERSION = 1;
				DEVELOPMENT_TEAM = N4G34Z5GTF;
				GENERATE_INFOPLIST_FILE = YES;
				MARKETING_VERSION = 1.0;
				PRODUCT_BUNDLE_IDENTIFIER = SWLEE.CammingUITests;
				PRODUCT_NAME = "$(TARGET_NAME)";
				SWIFT_EMIT_LOC_STRINGS = NO;
				SWIFT_VERSION = 5.0;
				TARGETED_DEVICE_FAMILY = "1,2";
				TEST_TARGET_NAME = Camming;
			};
			name = Debug;
		};
		B1051D0E28B1059C006205BB /* Release */ = {
			isa = XCBuildConfiguration;
			baseConfigurationReference = 13D181976E7CC36EABA05825 /* Pods-Camming-CammingUITests.release.xcconfig */;
			buildSettings = {
				ALWAYS_EMBED_SWIFT_STANDARD_LIBRARIES = YES;
				CODE_SIGN_STYLE = Automatic;
				CURRENT_PROJECT_VERSION = 1;
				DEVELOPMENT_TEAM = N4G34Z5GTF;
				GENERATE_INFOPLIST_FILE = YES;
				MARKETING_VERSION = 1.0;
				PRODUCT_BUNDLE_IDENTIFIER = SWLEE.CammingUITests;
				PRODUCT_NAME = "$(TARGET_NAME)";
				SWIFT_EMIT_LOC_STRINGS = NO;
				SWIFT_VERSION = 5.0;
				TARGETED_DEVICE_FAMILY = "1,2";
				TEST_TARGET_NAME = Camming;
			};
			name = Release;
		};
/* End XCBuildConfiguration section */

/* Begin XCConfigurationList section */
		B1051CD728B1059A006205BB /* Build configuration list for PBXProject "Camming" */ = {
			isa = XCConfigurationList;
			buildConfigurations = (
				B1051D0428B1059C006205BB /* Debug */,
				B1051D0528B1059C006205BB /* Release */,
			);
			defaultConfigurationIsVisible = 0;
			defaultConfigurationName = Release;
		};
		B1051D0628B1059C006205BB /* Build configuration list for PBXNativeTarget "Camming" */ = {
			isa = XCConfigurationList;
			buildConfigurations = (
				B1051D0728B1059C006205BB /* Debug */,
				B1051D0828B1059C006205BB /* Release */,
			);
			defaultConfigurationIsVisible = 0;
			defaultConfigurationName = Release;
		};
		B1051D0928B1059C006205BB /* Build configuration list for PBXNativeTarget "CammingTests" */ = {
			isa = XCConfigurationList;
			buildConfigurations = (
				B1051D0A28B1059C006205BB /* Debug */,
				B1051D0B28B1059C006205BB /* Release */,
			);
			defaultConfigurationIsVisible = 0;
			defaultConfigurationName = Release;
		};
		B1051D0C28B1059C006205BB /* Build configuration list for PBXNativeTarget "CammingUITests" */ = {
			isa = XCConfigurationList;
			buildConfigurations = (
				B1051D0D28B1059C006205BB /* Debug */,
				B1051D0E28B1059C006205BB /* Release */,
			);
			defaultConfigurationIsVisible = 0;
			defaultConfigurationName = Release;
		};
/* End XCConfigurationList section */

/* Begin XCRemoteSwiftPackageReference section */
		B1051D1028B108C2006205BB /* XCRemoteSwiftPackageReference "SnapKit" */ = {
			isa = XCRemoteSwiftPackageReference;
			repositoryURL = "https://github.com/SnapKit/SnapKit";
			requirement = {
				branch = develop;
				kind = branch;
			};
		};
		B145F29D28B91E0800954B6A /* XCRemoteSwiftPackageReference "SwipeCellKit" */ = {
			isa = XCRemoteSwiftPackageReference;
			repositoryURL = "https://github.com/SwipeCellKit/SwipeCellKit";
			requirement = {
				kind = exactVersion;
				version = 2.7.1;
			};
		};
/* End XCRemoteSwiftPackageReference section */

/* Begin XCSwiftPackageProductDependency section */
		B1051D1128B108C2006205BB /* SnapKit */ = {
			isa = XCSwiftPackageProductDependency;
			package = B1051D1028B108C2006205BB /* XCRemoteSwiftPackageReference "SnapKit" */;
			productName = SnapKit;
		};
		B145F29E28B91E0800954B6A /* SwipeCellKit */ = {
			isa = XCSwiftPackageProductDependency;
			package = B145F29D28B91E0800954B6A /* XCRemoteSwiftPackageReference "SwipeCellKit" */;
			productName = SwipeCellKit;
		};
/* End XCSwiftPackageProductDependency section */
	};
	rootObject = B1051CD428B1059A006205BB /* Project object */;
}
